
Microsoft Visual Studio Solution File, Format Version 12.00
# Visual Studio Version 16
VisualStudioVersion = 16.0.31205.134
MinimumVisualStudioVersion = 10.0.40219.1
Project("{8BC9CEB8-8B4A-11D0-8D11-00A0C91BC942}") = "栈", "栈.vcxproj", "{8BF02005-29F0-4DA5-AA08-D7D5111C9693}"
EndProject
Global
	GlobalSection(SolutionConfigurationPlatforms) = preSolution
		Debug|x64 = Debug|x64
		Debug|x86 = Debug|x86
		Release|x64 = Release|x64
		Release|x86 = Release|x86
	EndGlobalSection
	GlobalSection(ProjectConfigurationPlatforms) = postSolution
		{8BF02005-29F0-4DA5-AA08-D7D5111C9693}.Debug|x64.ActiveCfg = Debug|x64
		{8BF02005-29F0-4DA5-AA08-D7D5111C9693}.Debug|x64.Build.0 = Debug|x64
		{8BF02005-29F0-4DA5-AA08-D7D5111C9693}.Debug|x86.ActiveCfg = Debug|Win32
		{8BF02005-29F0-4DA5-AA08-D7D5111C9693}.Debug|x86.Build.0 = Debug|Win32
		{8BF02005-29F0-4DA5-AA08-D7D5111C9693}.Release|x64.ActiveCfg = Release|x64
		{8BF02005-29F0-4DA5-AA08-D7D5111C9693}.Release|x64.Build.0 = Release|x64
		{8BF02005-29F0-4DA5-AA08-D7D5111C9693}.Release|x86.ActiveCfg = Release|Win32
		{8BF02005-29F0-4DA5-AA08-D7D5111C9693}.Release|x86.Build.0 = Release|Win32
	EndGlobalSection
	GlobalSection(SolutionProperties) = preSolution
		HideSolutionNode = FALSE
	EndGlobalSection
	GlobalSection(ExtensibilityGlobals) = postSolution
		SolutionGuid = {CED3F265-60E4-452C-97F0-B34EC5DF2ECE}
	EndGlobalSection
EndGlobal
